
Microsoft Visual Studio Solution File, Format Version 12.00
# Visual Studio Version 17
VisualStudioVersion = 17.10.35027.167
MinimumVisualStudioVersion = 10.0.40219.1
Project("{FAE04EC0-301F-11D3-BF4B-00C04F79EFBC}") = "Open_Closed_Principle", "Open_Closed_Principle\Open_Closed_Principle.csproj", "{6D4FF0A2-0D3E-40F7-A116-D9162BB87BD8}"
EndProject
Global
	GlobalSection(SolutionConfigurationPlatforms) = preSolution
		Debug|Any CPU = Debug|Any CPU
		Release|Any CPU = Release|Any CPU
	EndGlobalSection
	GlobalSection(ProjectConfigurationPlatforms) = postSolution
		{6D4FF0A2-0D3E-40F7-A116-D9162BB87BD8}.Debug|Any CPU.ActiveCfg = Debug|Any CPU
		{6D4FF0A2-0D3E-40F7-A116-D9162BB87BD8}.Debug|Any CPU.Build.0 = Debug|Any CPU
		{6D4FF0A2-0D3E-40F7-A116-D9162BB87BD8}.Release|Any CPU.ActiveCfg = Release|Any CPU
		{6D4FF0A2-0D3E-40F7-A116-D9162BB87BD8}.Release|Any CPU.Build.0 = Release|Any CPU
	EndGlobalSection
	GlobalSection(SolutionProperties) = preSolution
		HideSolutionNode = FALSE
	EndGlobalSection
	GlobalSection(ExtensibilityGlobals) = postSolution
		SolutionGuid = {793CFAF7-BCEA-4261-961E-A3D47203096A}
	EndGlobalSection
EndGlobal
